{
  "name": "sonda-s1-geometrie",
  "version": "0.0.0",
  "lockfileVersion": 3,
  "requires": true,
  "packages": {
    "": {
      "name": "sonda-s1-geometrie",
      "version": "0.0.0",
      "dependencies": {
        "@flatten-js/core": "1.6.14",
        "@flatten-js/polygon-offset": "1.1.4",
        "bezier-js": "6.1.4",
        "canvaskit-wasm": "0.42.0",
        "cavalier-contours-js": "0.1.1",
        "clipper2-ts": "2.0.1-18",
        "flo-bezier3": "8.1.1",
        "makerjs": "0.19.2",
        "opentype.js": "2.0.0",
        "paper": "0.12.18",
        "paperjs-offset": "2.2.1",
        "pathkit-wasm": "1.0.0"
      }
    },
    "node_modules/@danmarshall/jscad-typings": {
      "version": "1.0.0",
      "resolved": "https://registry.npmjs.org/@danmarshall/jscad-typings/-/jscad-typings-1.0.0.tgz",
      "integrity": "sha512-MGGIGDItK2UQSsz7yTrXErQXDAFXR3UPxyQ7WZ5RHOwnv60CBXjmkJlXYMYPkSvo+7fUuQL2/ODcvECtc/fi9g==",
      "license": "MIT"
    },
    "node_modules/@flatten-js/core": {
      "version": "1.6.14",
      "resolved": "https://registry.npmjs.org/@flatten-js/core/-/core-1.6.14.tgz",
      "integrity": "sha512-9Aa7Y+tTDtTGjL2mH5dYAGeY43CISj0w1DxQ0MPxgWnwVuIJV6jzRlTNHGSeJEnleMngldwdZORarOMcszqpLg==",
      "license": "MIT",
      "dependencies": {
        "@flatten-js/interval-tree": "^2.0.0"
      },
      "engines": {
        "node": ">=4.2.4"
      }
    },
    "node_modules/@flatten-js/interval-tree": {
      "version": "2.0.3",
      "resolved": "https://registry.npmjs.org/@flatten-js/interval-tree/-/interval-tree-2.0.3.tgz",
      "integrity": "sha512-Lv3eaITqU20WD+5W8L7JeJdjDXC9hfTUEzY0cRLx/sXj1+P3XdK6Fig4UdxvsekakTK8XeOwnpAKEpTI728U4g==",
      "license": "MIT",
      "dependencies": {
        "tslib": "^2.8.1"
      },
      "engines": {
        "node": ">=16.0.0"
      },
      "funding": {
        "type": "buymeacoffee",
        "url": "https://www.buymeacoffee.com/alexbol99"
      }
    },
    "node_modules/@flatten-js/polygon-offset": {
      "version": "1.1.4",
      "resolved": "https://registry.npmjs.org/@flatten-js/polygon-offset/-/polygon-offset-1.1.4.tgz",
      "integrity": "sha512-x9+LnEg7Y4dyQOH2eXX0Sh3vzQO7EOpA4ynneSilnnFTO9XkbWoXuLDR0HKo3KuyyrhM0dypz3BfCu3NAfMvGQ==",
      "license": "MIT",
      "engines": {
        "node": ">=4.2.4"
      },
      "peerDependencies": {
        "@flatten-js/core": "^1.4.2"
      }
    },
    "node_modules/@types/bezier-js": {
      "version": "0.0.6",
      "resolved": "https://registry.npmjs.org/@types/bezier-js/-/bezier-js-0.0.6.tgz",
      "integrity": "sha512-kXsAlt8e8N6zt9R6LcMYWB1HkBw3q2g+M9BdI/UE+s4agIONuIscQaRCoInH22+Jas3rw8yLUehL2InaZjyNSA==",
      "license": "MIT"
    },
    "node_modules/@types/fontkit": {
      "version": "2.0.9",
      "resolved": "https://registry.npmjs.org/@types/fontkit/-/fontkit-2.0.9.tgz",
      "integrity": "sha512-qNYerFky3muCmZPq+R+B3cUDRA5OONw/oh6aGGFxx2LOBz6yu8eamKusrhkHnC6rc2fm76+G9z9QoWSB2SaQaw==",
      "license": "MIT",
      "dependencies": {
        "@types/node": "*"
      }
    },
    "node_modules/@types/node": {
      "version": "7.10.14",
      "resolved": "https://registry.npmjs.org/@types/node/-/node-7.10.14.tgz",
      "integrity": "sha512-29GS75BE8asnTno3yB6ubOJOO0FboExEqNJy4bpz0GSmW/8wPTNL4h9h63c6s1uTrOopCmJYe/4yJLh5r92ZUA==",
      "license": "MIT"
    },
    "node_modules/@types/opentype.js": {
      "version": "0.7.2",
      "resolved": "https://registry.npmjs.org/@types/opentype.js/-/opentype.js-0.7.2.tgz",
      "integrity": "sha512-Riz6WyBUBEFs7YqSsJya3SbDHJZ6BmMkY7bzNoue6rtwj+RNilLc+mgOX/eJ0Y0asq16FSU6DatBeOg8ZMy2UQ==",
      "license": "MIT"
    },
    "node_modules/@types/pdfkit": {
      "version": "0.7.36",
      "resolved": "https://registry.npmjs.org/@types/pdfkit/-/pdfkit-0.7.36.tgz",
      "integrity": "sha512-9eRA6MuW+n78yU3HhoIrDxjyAX2++B5MpLDYqHOnaRTquCw+5sYXT+QN8E1eSaxvNUwlRfU3tOm4UzTeGWmBqg==",
      "license": "MIT",
      "dependencies": {
        "@types/node": "*"
      }
    },
    "node_modules/@webgpu/types": {
      "version": "0.1.21",
      "resolved": "https://registry.npmjs.org/@webgpu/types/-/types-0.1.21.tgz",
      "integrity": "sha512-pUrWq3V5PiSGFLeLxoGqReTZmiiXwY3jRkIG5sLLKjyqNxrwm/04b4nw7LSmGWJcKk59XOM/YRTUwOzo4MMlow==",
      "license": "BSD-3-Clause"
    },
    "node_modules/bezier-js": {
      "version": "6.1.4",
      "resolved": "https://registry.npmjs.org/bezier-js/-/bezier-js-6.1.4.tgz",
      "integrity": "sha512-PA0FW9ZpcHbojUCMu28z9Vg/fNkwTj5YhusSAjHHDfHDGLxJ6YUKrAN2vk1fP2MMOxVw4Oko16FMlRGVBGqLKg==",
      "license": "MIT",
      "funding": {
        "type": "individual",
        "url": "https://github.com/Pomax/bezierjs/blob/master/FUNDING.md"
      }
    },
    "node_modules/big-float-ts": {
      "version": "4.0.4",
      "resolved": "https://registry.npmjs.org/big-float-ts/-/big-float-ts-4.0.4.tgz",
      "integrity": "sha512-DLOxI+RlL78oPpNd2ZlOY+ia4I2FVrWSaKmANgoejBXgJoc6g+3zTWOJImGOi1qvKrKAmNZ/4wloVTgUxkRWYA==",
      "license": "MIT",
      "engines": {
        "node": "^12.20.0 || ^14.13.1 || >=16.0.0"
      }
    },
    "node_modules/canvaskit-wasm": {
      "version": "0.42.0",
      "resolved": "https://registry.npmjs.org/canvaskit-wasm/-/canvaskit-wasm-0.42.0.tgz",
      "integrity": "sha512-N3ikotmzYwDVAcpQKDMptBT2P5pIEWS9ywdmrQA2awwaMF9cxKEFuxZZHv9ay1Em9kDjxDsPtwUzDm1uNj136g==",
      "license": "BSD-3-Clause",
      "dependencies": {
        "@webgpu/types": "0.1.21"
      }
    },
    "node_modules/cavalier-contours-js": {
      "version": "0.1.1",
      "resolved": "https://registry.npmjs.org/cavalier-contours-js/-/cavalier-contours-js-0.1.1.tgz",
      "integrity": "sha512-+8h+GfM80EznNDHrSpau9nX3/XTaRPb3ndQVMWQwO930mHdcTS2EoDY6uY99AZ4YWTUYVVoExs89f+bwrAZKJw==",
      "license": "(MIT OR Apache-2.0)",
      "engines": {
        "node": ">=18"
      }
    },
    "node_modules/clipper2-ts": {
      "version": "2.0.1-18",
      "resolved": "https://registry.npmjs.org/clipper2-ts/-/clipper2-ts-2.0.1-18.tgz",
      "integrity": "sha512-WuRO1ZHzyYTVHY78r4wVWVydvQ+1lx9qZ+DeZa/8zhvrxIgCVzElJ6lwSMGtUUKFPefhvfJsHZ5C9RNkgisCOQ==",
      "license": "BSL-1.0",
      "engines": {
        "node": ">=14.0.0"
      }
    },
    "node_modules/clone": {
      "version": "1.0.4",
      "resolved": "https://registry.npmjs.org/clone/-/clone-1.0.4.tgz",
      "integrity": "sha512-JQHZ2QMW6l3aH/j6xCqQThY/9OH4D/9ls34cgkUBiEeocRTU04tHfKPBsUK1PqZCUQM7GiA0IIXJSuXHI64Kbg==",
      "license": "MIT",
      "engines": {
        "node": ">=0.8"
      }
    },
    "node_modules/double-double": {
      "version": "3.0.4",
      "resolved": "https://registry.npmjs.org/double-double/-/double-double-3.0.4.tgz",
      "integrity": "sha512-OdHYUUO69aYnYQOtK200BKFE+SbGWQAOJLct2+JrUBk/GbWqFZGL6f6WOlLnyxXsCe3NAbfOxQBUBPlv7GzsVA==",
      "license": "MIT",
      "engines": {
        "node": "^12.20.0 || ^14.13.1 || >=16.0.0"
      }
    },
    "node_modules/flo-bezier3": {
      "version": "8.1.1",
      "resolved": "https://registry.npmjs.org/flo-bezier3/-/flo-bezier3-8.1.1.tgz",
      "integrity": "sha512-eI/xPnAZ4MOxIFwqAo3pWqUSG99cUINLXcCs1yRf2Yas+gU0KkwNm28Gmri8ota2nkjs+uL+mlGMZq4nB5b49A==",
      "license": "MIT",
      "dependencies": {
        "big-float-ts": "^4.0.4",
        "double-double": "^3.0.4",
        "flo-gauss-quadrature": "^2.1.4",
        "flo-graham-scan": "^4.0.2",
        "flo-poly": "^8.1.4",
        "flo-vector2d": "^4.0.6"
      },
      "engines": {
        "node": "^12.20.0 || ^14.13.1 || >=16.0.0"
      }
    },
    "node_modules/flo-gauss-quadrature": {
      "version": "2.1.4",
      "resolved": "https://registry.npmjs.org/flo-gauss-quadrature/-/flo-gauss-quadrature-2.1.4.tgz",
      "integrity": "sha512-NQjxln9QJrFOqZvQmQmPWxZHHCAU3ZeW02DMy5hmBszC0rTzdcRXGnDAIAZ1XoqnBJPM4yp+IdCymcpBMrRzaA==",
      "license": "MIT",
      "engines": {
        "node": "^12.20.0 || ^14.13.1 || >=16.0.0"
      }
    },
    "node_modules/flo-graham-scan": {
      "version": "4.0.2",
      "resolved": "https://registry.npmjs.org/flo-graham-scan/-/flo-graham-scan-4.0.2.tgz",
      "integrity": "sha512-PBuKX9902dORIgEeOVonVP8eAfk7FGdZCBU/CLY4xyUrBZxka4ZfgRlHCKHvhCJgqiUeMqi4KkabwbpPylLGgA==",
      "license": "MIT",
      "dependencies": {
        "big-float-ts": "^4.0.2"
      },
      "engines": {
        "node": "^12.20.0 || ^14.13.1 || >=16.0.0"
      }
    },
    "node_modules/flo-poly": {
      "version": "8.1.4",
      "resolved": "https://registry.npmjs.org/flo-poly/-/flo-poly-8.1.4.tgz",
      "integrity": "sha512-vOIyAcglHnfjwbyL8z/clBsR4LG/tFb73SBvHniaFc8tF9YSSL+kzSU6uJ0bkuyTtaPhGjdp7okSiLqmgwYZvA==",
      "license": "MIT",
      "dependencies": {
        "big-float-ts": "^4.0.4",
        "double-double": "^3.0.4",
        "squares-rng": "^2.0.4"
      },
      "engines": {
        "node": "^12.20.0 || ^14.13.1 || >=16.0.0"
      }
    },
    "node_modules/flo-vector2d": {
      "version": "4.0.6",
      "resolved": "https://registry.npmjs.org/flo-vector2d/-/flo-vector2d-4.0.6.tgz",
      "integrity": "sha512-YYG408bQdlQ1xCyXafg0+RlwTSFjDNr1XrK+6RiH/g2isY8XT11mAf4zvLujMhZKbjUG+Br8A3wEPuQp/Z5M+A==",
      "license": "MIT",
      "dependencies": {
        "big-float-ts": "^4.0.2"
      },
      "engines": {
        "node": "^12.20.0 || ^14.13.1 || >=16.0.0"
      }
    },
    "node_modules/graham_scan": {
      "version": "1.0.5",
      "resolved": "https://registry.npmjs.org/graham_scan/-/graham_scan-1.0.5.tgz",
      "integrity": "sha512-471KIBS1jOrAHpEStAbOjYI5U7MGBSyqy+wIEnvRYaFDNmpUUhbDZWLRsCSh/OnlY0dCg0NaDyN/2XLoypgIfA==",
      "license": "MIT"
    },
    "node_modules/kdbush": {
      "version": "2.0.1",
      "resolved": "https://registry.npmjs.org/kdbush/-/kdbush-2.0.1.tgz",
      "integrity": "sha512-9KqSdmWCkBIisFIGclT0FRagKhI7IVbMyUjsxCFG0Ly1Dg6whlxJ7b9lrq8ifk3X/fGeJzok1R75LQfZTfA5zQ==",
      "license": "ISC"
    },
    "node_modules/makerjs": {
      "version": "0.19.2",
      "resolved": "https://registry.npmjs.org/makerjs/-/makerjs-0.19.2.tgz",
      "integrity": "sha512-+W30jtxgM5ht8jWyxOpoLpz/6u9DEDjW9XXbvkyAba9xIDXnUB4vaB+JajMm7i6QbD7E41rxSl6VFkOcNMwFBA==",
      "license": "Apache-2.0",
      "dependencies": {
        "@danmarshall/jscad-typings": "^1.0.0",
        "@types/bezier-js": "^0.0.6",
        "@types/fontkit": "^2.0.8",
        "@types/node": "^7.0.5",
        "@types/opentype.js": "^0.7.0",
        "@types/pdfkit": "^0.7.34",
        "bezier-js": "^2.1.0",
        "clone": "^1.0.2",
        "graham_scan": "^1.0.4",
        "kdbush": "^2.0.1"
      }
    },
    "node_modules/makerjs/node_modules/bezier-js": {
      "version": "2.6.1",
      "resolved": "https://registry.npmjs.org/bezier-js/-/bezier-js-2.6.1.tgz",
      "integrity": "sha512-jelZM33eNzcZ9snJ/5HqJLw3IzXvA8RFcBjkdOB8SDYyOvW8Y2tTosojAiBTnD1MhbHoWUYNbxUXxBl61TxbRg==",
      "license": "MIT"
    },
    "node_modules/opentype.js": {
      "version": "2.0.0",
      "resolved": "https://registry.npmjs.org/opentype.js/-/opentype.js-2.0.0.tgz",
      "integrity": "sha512-kCyjv6xdDY1W/jLWZ/L3QhhTlKUqDZMQ5+Jdlw12b3dXkKNpYBqqlMMj0YDQPShWFTMwgZI1hG14kN3XUDSg/A==",
      "license": "MIT",
      "bin": {
        "ot": "bin/ot"
      }
    },
    "node_modules/paper": {
      "version": "0.12.18",
      "resolved": "https://registry.npmjs.org/paper/-/paper-0.12.18.tgz",
      "integrity": "sha512-ZSLIEejQTJZuYHhSSqAf4jXOnii0kPhCJGAnYAANtdS72aNwXJ9cP95tZHgq1tnNpvEwgQhggy+4OarviqTCGw==",
      "license": "MIT",
      "workspaces": [
        "packages/*"
      ],
      "engines": {
        "node": ">=8.0.0"
      }
    },
    "node_modules/paperjs-offset": {
      "version": "2.2.1",
      "resolved": "https://registry.npmjs.org/paperjs-offset/-/paperjs-offset-2.2.1.tgz",
      "integrity": "sha512-IG2mMG+fQ6CrOAOqJk48KXWIAKVZN1Z1olZOQ9gPnZy5jbYQXe2R+d6VqMmkD4BOElhoBbtVFukGRfyZmDyGZQ==",
      "license": "MIT"
    },
    "node_modules/pathkit-wasm": {
      "version": "1.0.0",
      "resolved": "https://registry.npmjs.org/pathkit-wasm/-/pathkit-wasm-1.0.0.tgz",
      "integrity": "sha512-oREIcGpwnBBto6PfB3C20aIw9jBPLcSNVF1AlL5tGlXsoL2zqWVuD0mi8WMJQHHNemm6aR1hHH2lz+TO551Fgw==",
      "license": "BSD-3-Clause"
    },
    "node_modules/squares-rng": {
      "version": "2.0.4",
      "resolved": "https://registry.npmjs.org/squares-rng/-/squares-rng-2.0.4.tgz",
      "integrity": "sha512-b923WfayrLBC7MESS9lv4NFeLAlhuiuJJM5sXseKvr729tILIQmsvSs8Ykb/XXDj8mMxx51lx0E6adTVwzaTFw==",
      "license": "MIT",
      "engines": {
        "node": "^12.20.0 || ^14.13.1 || >=16.0.0"
      }
    },
    "node_modules/tslib": {
      "version": "2.8.1",
      "resolved": "https://registry.npmjs.org/tslib/-/tslib-2.8.1.tgz",
      "integrity": "sha512-oJFu94HQb+KVduSUQL7wnpmqnfmLsOA/nAh6b6EH0wCEoK0/mPeXU6c3wKDV83MkOuHPRHtSXKKU99IBazS/2w==",
      "license": "0BSD"
    }
  }
}
