{
  "name": "s3-vcarve-sonda",
  "version": "0.0.0",
  "lockfileVersion": 3,
  "requires": true,
  "packages": {
    "": {
      "name": "s3-vcarve-sonda",
      "version": "0.0.0",
      "dependencies": {
        "@expo-google-fonts/eb-garamond": "^0.4.3",
        "@expo-google-fonts/roboto": "^0.4.3",
        "clipper-lib": "^6.4.2",
        "d3-delaunay": "^6.0.4",
        "delaunator": "^5.1.0",
        "flo-mat": "^4.1.5",
        "opentype.js": "^2.0.0",
        "robust-predicates": "^3.0.3",
        "voron8": "^3.4.2"
      }
    },
    "node_modules/@expo-google-fonts/eb-garamond": {
      "version": "0.4.3",
      "resolved": "https://registry.npmjs.org/@expo-google-fonts/eb-garamond/-/eb-garamond-0.4.3.tgz",
      "integrity": "sha512-8HsDPKN6vDlzxZLgo3UFcyr4uvtY33TBpM65owySnF8cy8hq0ss8AWmBvT/lMRJ/wfcoaPP8gFQsizPRvr0nqg==",
      "license": "MIT AND OFL-1.1"
    },
    "node_modules/@expo-google-fonts/roboto": {
      "version": "0.4.3",
      "resolved": "https://registry.npmjs.org/@expo-google-fonts/roboto/-/roboto-0.4.3.tgz",
      "integrity": "sha512-kX3wmpmu06fN1yOwYWMdjYJWNUYW6xUiAGeHbvPzzSEb3A3j23JelQ3tAgwQNKgEKRq6wtMmzixy2r7y9c8dsA==",
      "license": "MIT AND OFL-1.1"
    },
    "node_modules/big-float-ts": {
      "version": "4.0.4",
      "resolved": "https://registry.npmjs.org/big-float-ts/-/big-float-ts-4.0.4.tgz",
      "integrity": "sha512-DLOxI+RlL78oPpNd2ZlOY+ia4I2FVrWSaKmANgoejBXgJoc6g+3zTWOJImGOi1qvKrKAmNZ/4wloVTgUxkRWYA==",
      "license": "MIT",
      "engines": {
        "node": "^12.20.0 || ^14.13.1 || >=16.0.0"
      }
    },
    "node_modules/clipper-lib": {
      "version": "6.4.2",
      "resolved": "https://registry.npmjs.org/clipper-lib/-/clipper-lib-6.4.2.tgz",
      "integrity": "sha512-knglhjQX5ihNj/XCIs6zCHrTemdvHY3LPZP9XB2nq2/3igyYMFueFXtfp84baJvEE+f8pO1ZS4UVeEgmLnAprQ==",
      "license": "BSL"
    },
    "node_modules/d3-delaunay": {
      "version": "6.0.4",
      "resolved": "https://registry.npmjs.org/d3-delaunay/-/d3-delaunay-6.0.4.tgz",
      "integrity": "sha512-mdjtIZ1XLAM8bm/hx3WwjfHt6Sggek7qH043O8KEjDXN40xi3vx/6pYSVTwLjEgiXQTbvaouWKynLBiUZ6SK6A==",
      "license": "ISC",
      "dependencies": {
        "delaunator": "5"
      },
      "engines": {
        "node": ">=12"
      }
    },
    "node_modules/delaunator": {
      "version": "5.1.0",
      "resolved": "https://registry.npmjs.org/delaunator/-/delaunator-5.1.0.tgz",
      "integrity": "sha512-AGrQ4QSgssa1NGmWmLPqN5NY2KajF5MqxetNEO+o0n3ZwZZeTmt7bBnvzHWrmkZFxGgr4HdyFgelzgi06otLuQ==",
      "license": "ISC",
      "dependencies": {
        "robust-predicates": "^3.0.2"
      }
    },
    "node_modules/double-double": {
      "version": "3.0.4",
      "resolved": "https://registry.npmjs.org/double-double/-/double-double-3.0.4.tgz",
      "integrity": "sha512-OdHYUUO69aYnYQOtK200BKFE+SbGWQAOJLct2+JrUBk/GbWqFZGL6f6WOlLnyxXsCe3NAbfOxQBUBPlv7GzsVA==",
      "license": "MIT",
      "engines": {
        "node": "^12.20.0 || ^14.13.1 || >=16.0.0"
      }
    },
    "node_modules/flo-bezier3": {
      "version": "8.1.1",
      "resolved": "https://registry.npmjs.org/flo-bezier3/-/flo-bezier3-8.1.1.tgz",
      "integrity": "sha512-eI/xPnAZ4MOxIFwqAo3pWqUSG99cUINLXcCs1yRf2Yas+gU0KkwNm28Gmri8ota2nkjs+uL+mlGMZq4nB5b49A==",
      "license": "MIT",
      "dependencies": {
        "big-float-ts": "^4.0.4",
        "double-double": "^3.0.4",
        "flo-gauss-quadrature": "^2.1.4",
        "flo-graham-scan": "^4.0.2",
        "flo-poly": "^8.1.4",
        "flo-vector2d": "^4.0.6"
      },
      "engines": {
        "node": "^12.20.0 || ^14.13.1 || >=16.0.0"
      }
    },
    "node_modules/flo-boolean": {
      "version": "6.0.2",
      "resolved": "https://registry.npmjs.org/flo-boolean/-/flo-boolean-6.0.2.tgz",
      "integrity": "sha512-ssfs/5AtrDuF4u5P+NV79XNO8KIsBdXMbgvGIv6rdhFW2Y/CLvCcOAUT8qa83g8klHHv2pP642YkAcRmIMTg+A==",
      "license": "MIT",
      "dependencies": {
        "big-float-ts": "^4.0.4",
        "double-double": "^3.0.4",
        "flo-bezier3": "^8.0.14",
        "flo-draw": "^2.0.5",
        "flo-gauss-quadrature": "^2.1.4",
        "flo-memoize": "^2.0.1",
        "flo-poly": "^8.1.4",
        "flo-vector2d": "^4.0.6"
      },
      "engines": {
        "node": "^12.20.0 || ^14.13.1 || >=16.0.0"
      }
    },
    "node_modules/flo-draw": {
      "version": "2.0.5",
      "resolved": "https://registry.npmjs.org/flo-draw/-/flo-draw-2.0.5.tgz",
      "integrity": "sha512-xjdXmvCaEugjekLAFG0blhE1Q3y0mcJR6jWV71Q5ucebiUFGpqPSDpSAAJuQkokz+zGFnNoHjm2i0WQBsQRNkA==",
      "license": "MIT",
      "engines": {
        "node": "^12.20.0 || ^14.13.1 || >=16.0.0"
      }
    },
    "node_modules/flo-gauss-quadrature": {
      "version": "2.1.4",
      "resolved": "https://registry.npmjs.org/flo-gauss-quadrature/-/flo-gauss-quadrature-2.1.4.tgz",
      "integrity": "sha512-NQjxln9QJrFOqZvQmQmPWxZHHCAU3ZeW02DMy5hmBszC0rTzdcRXGnDAIAZ1XoqnBJPM4yp+IdCymcpBMrRzaA==",
      "license": "MIT",
      "engines": {
        "node": "^12.20.0 || ^14.13.1 || >=16.0.0"
      }
    },
    "node_modules/flo-graham-scan": {
      "version": "4.0.2",
      "resolved": "https://registry.npmjs.org/flo-graham-scan/-/flo-graham-scan-4.0.2.tgz",
      "integrity": "sha512-PBuKX9902dORIgEeOVonVP8eAfk7FGdZCBU/CLY4xyUrBZxka4ZfgRlHCKHvhCJgqiUeMqi4KkabwbpPylLGgA==",
      "license": "MIT",
      "dependencies": {
        "big-float-ts": "^4.0.2"
      },
      "engines": {
        "node": "^12.20.0 || ^14.13.1 || >=16.0.0"
      }
    },
    "node_modules/flo-ll-rb-tree": {
      "version": "1.0.4",
      "resolved": "https://registry.npmjs.org/flo-ll-rb-tree/-/flo-ll-rb-tree-1.0.4.tgz",
      "integrity": "sha512-Y6UHIQqlmpUSa2XLWKiP/XHLERSsSNse0mH1c2W2AIj17kjEtws0EqKHh+qr7sqsVbtXcd7D2h/d+mPpKImLOQ==",
      "license": "MIT",
      "engines": {
        "node": "^12.20.0 || ^14.13.1 || >=16.0.0"
      }
    },
    "node_modules/flo-mat": {
      "version": "4.1.5",
      "resolved": "https://registry.npmjs.org/flo-mat/-/flo-mat-4.1.5.tgz",
      "integrity": "sha512-0TOFqxn/AuFLY6Q78W//wU+NFtt/0vjHP9IOyweRjGkzTYL8fBMuSQVbqUaB0YjwY4ZrQk3CYTq2lJARyLehOg==",
      "license": "MIT",
      "dependencies": {
        "big-float-ts": "^4.0.4",
        "double-double": "^3.0.4",
        "flo-bezier3": "^8.1.1",
        "flo-boolean": "^6.0.2",
        "flo-gauss-quadrature": "^2.1.4",
        "flo-ll-rb-tree": "^1.0.4",
        "flo-memoize": "^2.0.1",
        "flo-poly": "^8.1.4",
        "flo-vector2d": "^4.0.6"
      },
      "engines": {
        "node": "^12.20.0 || ^14.13.1 || >=16.0.0"
      }
    },
    "node_modules/flo-memoize": {
      "version": "2.0.1",
      "resolved": "https://registry.npmjs.org/flo-memoize/-/flo-memoize-2.0.1.tgz",
      "integrity": "sha512-jKDJmjHLssdHCpK1orm7gIAtcB8G2lBlAV88av/Dx6BOuf+hrdd8fmkjgsCb4p1c+j8y+H+SH7r5zf4JsLa8JQ==",
      "license": "MIT",
      "engines": {
        "node": "^12.20.0 || ^14.13.1 || >=16.0.0"
      }
    },
    "node_modules/flo-poly": {
      "version": "8.1.4",
      "resolved": "https://registry.npmjs.org/flo-poly/-/flo-poly-8.1.4.tgz",
      "integrity": "sha512-vOIyAcglHnfjwbyL8z/clBsR4LG/tFb73SBvHniaFc8tF9YSSL+kzSU6uJ0bkuyTtaPhGjdp7okSiLqmgwYZvA==",
      "license": "MIT",
      "dependencies": {
        "big-float-ts": "^4.0.4",
        "double-double": "^3.0.4",
        "squares-rng": "^2.0.4"
      },
      "engines": {
        "node": "^12.20.0 || ^14.13.1 || >=16.0.0"
      }
    },
    "node_modules/flo-vector2d": {
      "version": "4.0.6",
      "resolved": "https://registry.npmjs.org/flo-vector2d/-/flo-vector2d-4.0.6.tgz",
      "integrity": "sha512-YYG408bQdlQ1xCyXafg0+RlwTSFjDNr1XrK+6RiH/g2isY8XT11mAf4zvLujMhZKbjUG+Br8A3wEPuQp/Z5M+A==",
      "license": "MIT",
      "dependencies": {
        "big-float-ts": "^4.0.2"
      },
      "engines": {
        "node": "^12.20.0 || ^14.13.1 || >=16.0.0"
      }
    },
    "node_modules/opentype.js": {
      "version": "2.0.0",
      "resolved": "https://registry.npmjs.org/opentype.js/-/opentype.js-2.0.0.tgz",
      "integrity": "sha512-kCyjv6xdDY1W/jLWZ/L3QhhTlKUqDZMQ5+Jdlw12b3dXkKNpYBqqlMMj0YDQPShWFTMwgZI1hG14kN3XUDSg/A==",
      "license": "MIT",
      "bin": {
        "ot": "bin/ot"
      }
    },
    "node_modules/robust-predicates": {
      "version": "3.0.3",
      "resolved": "https://registry.npmjs.org/robust-predicates/-/robust-predicates-3.0.3.tgz",
      "integrity": "sha512-NS3levdsRIUOmiJ8FZWCP7LG3QpJyrs/TE0Zpf1yvZu8cAJJ6QMW92H1c7kWpdIHo8RvmLxN/o2JXTKHp74lUA==",
      "license": "Unlicense"
    },
    "node_modules/squares-rng": {
      "version": "2.0.4",
      "resolved": "https://registry.npmjs.org/squares-rng/-/squares-rng-2.0.4.tgz",
      "integrity": "sha512-b923WfayrLBC7MESS9lv4NFeLAlhuiuJJM5sXseKvr729tILIQmsvSs8Ykb/XXDj8mMxx51lx0E6adTVwzaTFw==",
      "license": "MIT",
      "engines": {
        "node": "^12.20.0 || ^14.13.1 || >=16.0.0"
      }
    },
    "node_modules/voron8": {
      "version": "3.4.2",
      "resolved": "https://registry.npmjs.org/voron8/-/voron8-3.4.2.tgz",
      "integrity": "sha512-/by4Bng67pIhL/ZTBLh2gQqp+eBIi1AgAFDhmVh526ao+DCpMxDlBGpDlEfX5auVsbI+gKAuER8ngIdUYhs+Xg==",
      "license": "MIT"
    }
  }
}
