{
  "name": "verificare-v1-geometrie",
  "version": "0.0.0",
  "lockfileVersion": 3,
  "requires": true,
  "packages": {
    "": {
      "name": "verificare-v1-geometrie",
      "version": "0.0.0",
      "dependencies": {
        "cavalier-contours-js": "0.1.1",
        "opentype.js": "2.0.0",
        "pathkit-wasm": "1.0.0"
      }
    },
    "node_modules/cavalier-contours-js": {
      "version": "0.1.1",
      "resolved": "https://registry.npmjs.org/cavalier-contours-js/-/cavalier-contours-js-0.1.1.tgz",
      "integrity": "sha512-+8h+GfM80EznNDHrSpau9nX3/XTaRPb3ndQVMWQwO930mHdcTS2EoDY6uY99AZ4YWTUYVVoExs89f+bwrAZKJw==",
      "license": "(MIT OR Apache-2.0)",
      "engines": {
        "node": ">=18"
      }
    },
    "node_modules/opentype.js": {
      "version": "2.0.0",
      "resolved": "https://registry.npmjs.org/opentype.js/-/opentype.js-2.0.0.tgz",
      "integrity": "sha512-kCyjv6xdDY1W/jLWZ/L3QhhTlKUqDZMQ5+Jdlw12b3dXkKNpYBqqlMMj0YDQPShWFTMwgZI1hG14kN3XUDSg/A==",
      "license": "MIT",
      "bin": {
        "ot": "bin/ot"
      }
    },
    "node_modules/pathkit-wasm": {
      "version": "1.0.0",
      "resolved": "https://registry.npmjs.org/pathkit-wasm/-/pathkit-wasm-1.0.0.tgz",
      "integrity": "sha512-oREIcGpwnBBto6PfB3C20aIw9jBPLcSNVF1AlL5tGlXsoL2zqWVuD0mi8WMJQHHNemm6aR1hHH2lz+TO551Fgw==",
      "license": "BSD-3-Clause"
    }
  }
}
